
Microsoft Visual Studio Solution File, Format Version 12.00
# Visual Studio Version 16
VisualStudioVersion = 16.0.30114.105
MinimumVisualStudioVersion = 10.0.40219.1
Project("{FAE04EC0-301F-11D3-BF4B-00C04F79EFBC}") = "PokemonChallenge", "PokemonChallenge\PokemonChallenge.csproj", "{051AFF11-4754-4657-BCE3-24AF8F741269}"
EndProject
Project("{FAE04EC0-301F-11D3-BF4B-00C04F79EFBC}") = "PokemonChallenge.Test", "PokemonChallenge.Test\PokemonChallenge.Test.csproj", "{4BD3AA11-17FD-4D9A-B30D-5923F3A26FBE}"
EndProject
Global
	GlobalSection(SolutionConfigurationPlatforms) = preSolution
		Debug|Any CPU = Debug|Any CPU
		Release|Any CPU = Release|Any CPU
	EndGlobalSection
	GlobalSection(SolutionProperties) = preSolution
		HideSolutionNode = FALSE
	EndGlobalSection
	GlobalSection(ProjectConfigurationPlatforms) = postSolution
		{051AFF11-4754-4657-BCE3-24AF8F741269}.Debug|Any CPU.ActiveCfg = Debug|Any CPU
		{051AFF11-4754-4657-BCE3-24AF8F741269}.Debug|Any CPU.Build.0 = Debug|Any CPU
		{051AFF11-4754-4657-BCE3-24AF8F741269}.Release|Any CPU.ActiveCfg = Release|Any CPU
		{051AFF11-4754-4657-BCE3-24AF8F741269}.Release|Any CPU.Build.0 = Release|Any CPU
		{4BD3AA11-17FD-4D9A-B30D-5923F3A26FBE}.Debug|Any CPU.ActiveCfg = Debug|Any CPU
		{4BD3AA11-17FD-4D9A-B30D-5923F3A26FBE}.Debug|Any CPU.Build.0 = Debug|Any CPU
		{4BD3AA11-17FD-4D9A-B30D-5923F3A26FBE}.Release|Any CPU.ActiveCfg = Release|Any CPU
		{4BD3AA11-17FD-4D9A-B30D-5923F3A26FBE}.Release|Any CPU.Build.0 = Release|Any CPU
	EndGlobalSection
EndGlobal
